
Microsoft Visual Studio Solution File, Format Version 12.00
# Visual Studio Version 17
VisualStudioVersion = 17.6.33815.320
MinimumVisualStudioVersion = 10.0.40219.1
Project("{9A19103F-16F7-4668-BE54-9A1E7A4F7556}") = "DebtSnowballer.Server", "DebtSnowballer\Server\DebtSnowballer.Server.csproj", "{8079A65F-D7D2-48E2-ABCC-416B532FC8E2}"
EndProject
Project("{9A19103F-16F7-4668-BE54-9A1E7A4F7556}") = "DebtSnowballer.Client", "DebtSnowballer\Client\DebtSnowballer.Client.csproj", "{7741CD6A-3DEA-42E5-A888-3B06EDD7C28B}"
EndProject
Project("{9A19103F-16F7-4668-BE54-9A1E7A4F7556}") = "DebtSnowballer.Shared", "DebtSnowballer\Shared\DebtSnowballer.Shared.csproj", "{D6724CF7-EE88-4503-9C47-EFBEDA1847E7}"
EndProject
Global
	GlobalSection(SolutionConfigurationPlatforms) = preSolution
		Debug|Any CPU = Debug|Any CPU
		Release|Any CPU = Release|Any CPU
	EndGlobalSection
	GlobalSection(ProjectConfigurationPlatforms) = postSolution
		{8079A65F-D7D2-48E2-ABCC-416B532FC8E2}.Debug|Any CPU.ActiveCfg = Debug|Any CPU
		{8079A65F-D7D2-48E2-ABCC-416B532FC8E2}.Debug|Any CPU.Build.0 = Debug|Any CPU
		{8079A65F-D7D2-48E2-ABCC-416B532FC8E2}.Release|Any CPU.ActiveCfg = Release|Any CPU
		{8079A65F-D7D2-48E2-ABCC-416B532FC8E2}.Release|Any CPU.Build.0 = Release|Any CPU
		{7741CD6A-3DEA-42E5-A888-3B06EDD7C28B}.Debug|Any CPU.ActiveCfg = Debug|Any CPU
		{7741CD6A-3DEA-42E5-A888-3B06EDD7C28B}.Debug|Any CPU.Build.0 = Debug|Any CPU
		{7741CD6A-3DEA-42E5-A888-3B06EDD7C28B}.Release|Any CPU.ActiveCfg = Release|Any CPU
		{7741CD6A-3DEA-42E5-A888-3B06EDD7C28B}.Release|Any CPU.Build.0 = Release|Any CPU
		{D6724CF7-EE88-4503-9C47-EFBEDA1847E7}.Debug|Any CPU.ActiveCfg = Debug|Any CPU
		{D6724CF7-EE88-4503-9C47-EFBEDA1847E7}.Debug|Any CPU.Build.0 = Debug|Any CPU
		{D6724CF7-EE88-4503-9C47-EFBEDA1847E7}.Release|Any CPU.ActiveCfg = Release|Any CPU
		{D6724CF7-EE88-4503-9C47-EFBEDA1847E7}.Release|Any CPU.Build.0 = Release|Any CPU
	EndGlobalSection
	GlobalSection(SolutionProperties) = preSolution
		HideSolutionNode = FALSE
	EndGlobalSection
	GlobalSection(ExtensibilityGlobals) = postSolution
		SolutionGuid = {AC1EC71B-A12A-4B64-AFEC-76EA7F27FA72}
	EndGlobalSection
EndGlobal
